// !$*UTF8*$!
{
	archiveVersion = 1;
	classes = {
	};
	objectVersion = 51;
	objects = {

/* Begin PBXBuildFile section */
		016CBA78DBD6F81526592537 /* Pods_SimpleChatApp.framework in Frameworks */ = {isa = PBXBuildFile; fileRef = 4D9805682A392A0E29F31701 /* Pods_SimpleChatApp.framework */; };
		7DC575E022FBD16400E49C40 /* AppDelegate.swift in Sources */ = {isa = PBXBuildFile; fileRef = 7DC575DF22FBD16400E49C40 /* AppDelegate.swift */; };
		7DC575E222FBD16400E49C40 /* ViewController.swift in Sources */ = {isa = PBXBuildFile; fileRef = 7DC575E122FBD16400E49C40 /* ViewController.swift */; };
		7DC575E522FBD16400E49C40 /* Main.storyboard in Resources */ = {isa = PBXBuildFile; fileRef = 7DC575E322FBD16400E49C40 /* Main.storyboard */; };
		7DC575E722FBD16400E49C40 /* Assets.xcassets in Resources */ = {isa = PBXBuildFile; fileRef = 7DC575E622FBD16400E49C40 /* Assets.xcassets */; };
		7DC575EA22FBD16400E49C40 /* LaunchScreen.storyboard in Resources */ = {isa = PBXBuildFile; fileRef = 7DC575E822FBD16400E49C40 /* LaunchScreen.storyboard */; };
		7DFF6C5F22FD00CD0029D90F /* GoogleService-Info.plist in Resources */ = {isa = PBXBuildFile; fileRef = 7DFF6C5E22FD00CD0029D90F /* GoogleService-Info.plist */; };
		7DFF6C6122FD03270029D90F /* RoomViewViewController.swift in Sources */ = {isa = PBXBuildFile; fileRef = 7DFF6C6022FD03270029D90F /* RoomViewViewController.swift */; };
		7DFF6C6522FD04D40029D90F /* Room.swift in Sources */ = {isa = PBXBuildFile; fileRef = 7DFF6C6422FD04D40029D90F /* Room.swift */; };
		7DFF6C6722FD06900029D90F /* Message.swift in Sources */ = {isa = PBXBuildFile; fileRef = 7DFF6C6622FD06900029D90F /* Message.swift */; };
/* End PBXBuildFile section */

/* Begin PBXFileReference section */
		0E33846B9BEA78C7041E43F0 /* Pods-SimpleChatApp.debug.xcconfig */ = {isa = PBXFileReference; includeInIndex = 1; lastKnownFileType = text.xcconfig; name = "Pods-SimpleChatApp.debug.xcconfig"; path = "Target Support Files/Pods-SimpleChatApp/Pods-SimpleChatApp.debug.xcconfig"; sourceTree = "<group>"; };
		4D9805682A392A0E29F31701 /* Pods_SimpleChatApp.framework */ = {isa = PBXFileReference; explicitFileType = wrapper.framework; includeInIndex = 0; path = Pods_SimpleChatApp.framework; sourceTree = BUILT_PRODUCTS_DIR; };
		5C5D1E018448678DB8BB1F15 /* Pods-SimpleChatApp.release.xcconfig */ = {isa = PBXFileReference; includeInIndex = 1; lastKnownFileType = text.xcconfig; name = "Pods-SimpleChatApp.release.xcconfig"; path = "Target Support Files/Pods-SimpleChatApp/Pods-SimpleChatApp.release.xcconfig"; sourceTree = "<group>"; };
		7DC575DC22FBD16400E49C40 /* SimpleChatApp.app */ = {isa = PBXFileReference; explicitFileType = wrapper.application; includeInIndex = 0; path = SimpleChatApp.app; sourceTree = BUILT_PRODUCTS_DIR; };
		7DC575DF22FBD16400E49C40 /* AppDelegate.swift */ = {isa = PBXFileReference; lastKnownFileType = sourcecode.swift; path = AppDelegate.swift; sourceTree = "<group>"; };
		7DC575E122FBD16400E49C40 /* ViewController.swift */ = {isa = PBXFileReference; lastKnownFileType = sourcecode.swift; path = ViewController.swift; sourceTree = "<group>"; };
		7DC575E422FBD16400E49C40 /* Base */ = {isa = PBXFileReference; lastKnownFileType = file.storyboard; name = Base; path = Base.lproj/Main.storyboard; sourceTree = "<group>"; };
		7DC575E622FBD16400E49C40 /* Assets.xcassets */ = {isa = PBXFileReference; lastKnownFileType = folder.assetcatalog; path = Assets.xcassets; sourceTree = "<group>"; };
		7DC575E922FBD16400E49C40 /* Base */ = {isa = PBXFileReference; lastKnownFileType = file.storyboard; name = Base; path = Base.lproj/LaunchScreen.storyboard; sourceTree = "<group>"; };
		7DC575EB22FBD16400E49C40 /* Info.plist */ = {isa = PBXFileReference; lastKnownFileType = text.plist.xml; path = Info.plist; sourceTree = "<group>"; };
		7DFF6C5E22FD00CD0029D90F /* GoogleService-Info.plist */ = {isa = PBXFileReference; fileEncoding = 4; lastKnownFileType = text.plist.xml; path = "GoogleService-Info.plist"; sourceTree = "<group>"; };
		7DFF6C6022FD03270029D90F /* RoomViewViewController.swift */ = {isa = PBXFileReference; lastKnownFileType = sourcecode.swift; path = RoomViewViewController.swift; sourceTree = "<group>"; };
		7DFF6C6422FD04D40029D90F /* Room.swift */ = {isa = PBXFileReference; lastKnownFileType = sourcecode.swift; path = Room.swift; sourceTree = "<group>"; };
		7DFF6C6622FD06900029D90F /* Message.swift */ = {isa = PBXFileReference; lastKnownFileType = sourcecode.swift; path = Message.swift; sourceTree = "<group>"; };
/* End PBXFileReference section */

/* Begin PBXFrameworksBuildPhase section */
		7DC575D922FBD16400E49C40 /* Frameworks */ = {
			isa = PBXFrameworksBuildPhase;
			buildActionMask = 2147483647;
			files = (
				016CBA78DBD6F81526592537 /* Pods_SimpleChatApp.framework in Frameworks */,
			);
			runOnlyForDeploymentPostprocessing = 0;
		};
/* End PBXFrameworksBuildPhase section */

/* Begin PBXGroup section */
		74A2F22E9EA5C2AC40208F75 /* Frameworks */ = {
			isa = PBXGroup;
			children = (
				4D9805682A392A0E29F31701 /* Pods_SimpleChatApp.framework */,
			);
			name = Frameworks;
			sourceTree = "<group>";
		};
		7995E65DB3C82016C37FE5C8 /* Pods */ = {
			isa = PBXGroup;
			children = (
				0E33846B9BEA78C7041E43F0 /* Pods-SimpleChatApp.debug.xcconfig */,
				5C5D1E018448678DB8BB1F15 /* Pods-SimpleChatApp.release.xcconfig */,
			);
			path = Pods;
			sourceTree = "<group>";
		};
		7DC575D322FBD16400E49C40 = {
			isa = PBXGroup;
			children = (
				7DC575DE22FBD16400E49C40 /* SimpleChatApp */,
				7DC575DD22FBD16400E49C40 /* Products */,
				7995E65DB3C82016C37FE5C8 /* Pods */,
				74A2F22E9EA5C2AC40208F75 /* Frameworks */,
			);
			sourceTree = "<group>";
		};
		7DC575DD22FBD16400E49C40 /* Products */ = {
			isa = PBXGroup;
			children = (
				7DC575DC22FBD16400E49C40 /* SimpleChatApp.app */,
			);
			name = Products;
			sourceTree = "<group>";
		};
		7DC575DE22FBD16400E49C40 /* SimpleChatApp */ = {
			isa = PBXGroup;
			children = (
				7DFF6C6322FD04940029D90F /* Objects */,
				7DFF6C6222FD03510029D90F /* controllers */,
				7DC575DF22FBD16400E49C40 /* AppDelegate.swift */,
				7DC575E322FBD16400E49C40 /* Main.storyboard */,
				7DC575E622FBD16400E49C40 /* Assets.xcassets */,
				7DC575E822FBD16400E49C40 /* LaunchScreen.storyboard */,
				7DC575EB22FBD16400E49C40 /* Info.plist */,
				7DFF6C5E22FD00CD0029D90F /* GoogleService-Info.plist */,
			);
			path = SimpleChatApp;
			sourceTree = "<group>";
		};
		7DFF6C6222FD03510029D90F /* controllers */ = {
			isa = PBXGroup;
			children = (
				7DC575E122FBD16400E49C40 /* ViewController.swift */,
				7DFF6C6022FD03270029D90F /* RoomViewViewController.swift */,
			);
			path = controllers;
			sourceTree = "<group>";
		};
		7DFF6C6322FD04940029D90F /* Objects */ = {
			isa = PBXGroup;
			children = (
				7DFF6C6422FD04D40029D90F /* Room.swift */,
				7DFF6C6622FD06900029D90F /* Message.swift */,
			);
			path = Objects;
			sourceTree = "<group>";
		};
/* End PBXGroup section */

/* Begin PBXNativeTarget section */
		7DC575DB22FBD16400E49C40 /* SimpleChatApp */ = {
			isa = PBXNativeTarget;
			buildConfigurationList = 7DC575EE22FBD16400E49C40 /* Build configuration list for PBXNativeTarget "SimpleChatApp" */;
			buildPhases = (
				CA2D2117C47E701D20EC9BC7 /* [CP] Check Pods Manifest.lock */,
				7DC575D822FBD16400E49C40 /* Sources */,
				7DC575D922FBD16400E49C40 /* Frameworks */,
				7DC575DA22FBD16400E49C40 /* Resources */,
				1C1D026B4172ADF9B1FFF965 /* [CP] Embed Pods Frameworks */,
			);
			buildRules = (
			);
			dependencies = (
			);
			name = SimpleChatApp;
			productName = SimpleChatApp;
			productReference = 7DC575DC22FBD16400E49C40 /* SimpleChatApp.app */;
			productType = "com.apple.product-type.application";
		};
/* End PBXNativeTarget section */

/* Begin PBXProject section */
		7DC575D422FBD16400E49C40 /* Project object */ = {
			isa = PBXProject;
			attributes = {
				LastSwiftUpdateCheck = 1030;
				LastUpgradeCheck = 1030;
				ORGANIZATIONNAME = "比嘉幹樹";
				TargetAttributes = {
					7DC575DB22FBD16400E49C40 = {
						CreatedOnToolsVersion = 10.3;
					};
				};
			};
			buildConfigurationList = 7DC575D722FBD16400E49C40 /* Build configuration list for PBXProject "SimpleChatApp" */;
			compatibilityVersion = "Xcode 9.3";
			developmentRegion = en;
			hasScannedForEncodings = 0;
			knownRegions = (
				en,
				Base,
			);
			mainGroup = 7DC575D322FBD16400E49C40;
			productRefGroup = 7DC575DD22FBD16400E49C40 /* Products */;
			projectDirPath = "";
			projectRoot = "";
			targets = (
				7DC575DB22FBD16400E49C40 /* SimpleChatApp */,
			);
		};
/* End PBXProject section */

/* Begin PBXResourcesBuildPhase section */
		7DC575DA22FBD16400E49C40 /* Resources */ = {
			isa = PBXResourcesBuildPhase;
			buildActionMask = 2147483647;
			files = (
				7DFF6C5F22FD00CD0029D90F /* GoogleService-Info.plist in Resources */,
				7DC575EA22FBD16400E49C40 /* LaunchScreen.storyboard in Resources */,
				7DC575E722FBD16400E49C40 /* Assets.xcassets in Resources */,
				7DC575E522FBD16400E49C40 /* Main.storyboard in Resources */,
			);
			runOnlyForDeploymentPostprocessing = 0;
		};
/* End PBXResourcesBuildPhase section */

/* Begin PBXShellScriptBuildPhase section */
		1C1D026B4172ADF9B1FFF965 /* [CP] Embed Pods Frameworks */ = {
			isa = PBXShellScriptBuildPhase;
			buildActionMask = 2147483647;
			files = (
			);
			inputFileListPaths = (
				"${PODS_ROOT}/Target Support Files/Pods-SimpleChatApp/Pods-SimpleChatApp-frameworks-${CONFIGURATION}-input-files.xcfilelist",
			);
			name = "[CP] Embed Pods Frameworks";
			outputFileListPaths = (
				"${PODS_ROOT}/Target Support Files/Pods-SimpleChatApp/Pods-SimpleChatApp-frameworks-${CONFIGURATION}-output-files.xcfilelist",
			);
			runOnlyForDeploymentPostprocessing = 0;
			shellPath = /bin/sh;
			shellScript = "\"${PODS_ROOT}/Target Support Files/Pods-SimpleChatApp/Pods-SimpleChatApp-frameworks.sh\"\n";
			showEnvVarsInLog = 0;
		};
		CA2D2117C47E701D20EC9BC7 /* [CP] Check Pods Manifest.lock */ = {
			isa = PBXShellScriptBuildPhase;
			buildActionMask = 2147483647;
			files = (
			);
			inputFileListPaths = (
			);
			inputPaths = (
				"${PODS_PODFILE_DIR_PATH}/Podfile.lock",
				"${PODS_ROOT}/Manifest.lock",
			);
			name = "[CP] Check Pods Manifest.lock";
			outputFileListPaths = (
			);
			outputPaths = (
				"$(DERIVED_FILE_DIR)/Pods-SimpleChatApp-checkManifestLockResult.txt",
			);
			runOnlyForDeploymentPostprocessing = 0;
			shellPath = /bin/sh;
			shellScript = "diff \"${PODS_PODFILE_DIR_PATH}/Podfile.lock\" \"${PODS_ROOT}/Manifest.lock\" > /dev/null\nif [ $? != 0 ] ; then\n    # print error to STDERR\n    echo \"error: The sandbox is not in sync with the Podfile.lock. Run 'pod install' or update your CocoaPods installation.\" >&2\n    exit 1\nfi\n# This output is used by Xcode 'outputs' to avoid re-running this script phase.\necho \"SUCCESS\" > \"${SCRIPT_OUTPUT_FILE_0}\"\n";
			showEnvVarsInLog = 0;
		};
/* End PBXShellScriptBuildPhase section */

/* Begin PBXSourcesBuildPhase section */
		7DC575D822FBD16400E49C40 /* Sources */ = {
			isa = PBXSourcesBuildPhase;
			buildActionMask = 2147483647;
			files = (
				7DC575E222FBD16400E49C40 /* ViewController.swift in Sources */,
				7DFF6C6122FD03270029D90F /* RoomViewViewController.swift in Sources */,
				7DFF6C6722FD06900029D90F /* Message.swift in Sources */,
				7DFF6C6522FD04D40029D90F /* Room.swift in Sources */,
				7DC575E022FBD16400E49C40 /* AppDelegate.swift in Sources */,
			);
			runOnlyForDeploymentPostprocessing = 0;
		};
/* End PBXSourcesBuildPhase section */

/* Begin PBXVariantGroup section */
		7DC575E322FBD16400E49C40 /* Main.storyboard */ = {
			isa = PBXVariantGroup;
			children = (
				7DC575E422FBD16400E49C40 /* Base */,
			);
			name = Main.storyboard;
			sourceTree = "<group>";
		};
		7DC575E822FBD16400E49C40 /* LaunchScreen.storyboard */ = {
			isa = PBXVariantGroup;
			children = (
				7DC575E922FBD16400E49C40 /* Base */,
			);
			name = LaunchScreen.storyboard;
			sourceTree = "<group>";
		};
/* End PBXVariantGroup section */

/* Begin XCBuildConfiguration section */
		7DC575EC22FBD16400E49C40 /* Debug */ = {
			isa = XCBuildConfiguration;
			buildSettings = {
				ALWAYS_SEARCH_USER_PATHS = NO;
				CLANG_ANALYZER_NONNULL = YES;
				CLANG_ANALYZER_NUMBER_OBJECT_CONVERSION = YES_AGGRESSIVE;
				CLANG_CXX_LANGUAGE_STANDARD = "gnu++14";
				CLANG_CXX_LIBRARY = "libc++";
				CLANG_ENABLE_MODULES = YES;
				CLANG_ENABLE_OBJC_ARC = YES;
				CLANG_ENABLE_OBJC_WEAK = YES;
				CLANG_WARN_BLOCK_CAPTURE_AUTORELEASING = YES;
				CLANG_WARN_BOOL_CONVERSION = YES;
				CLANG_WARN_COMMA = YES;
				CLANG_WARN_CONSTANT_CONVERSION = YES;
				CLANG_WARN_DEPRECATED_OBJC_IMPLEMENTATIONS = YES;
				CLANG_WARN_DIRECT_OBJC_ISA_USAGE = YES_ERROR;
				CLANG_WARN_DOCUMENTATION_COMMENTS = YES;
				CLANG_WARN_EMPTY_BODY = YES;
				CLANG_WARN_ENUM_CONVERSION = YES;
				CLANG_WARN_INFINITE_RECURSION = YES;
				CLANG_WARN_INT_CONVERSION = YES;
				CLANG_WARN_NON_LITERAL_NULL_CONVERSION = YES;
				CLANG_WARN_OBJC_IMPLICIT_RETAIN_SELF = YES;
				CLANG_WARN_OBJC_LITERAL_CONVERSION = YES;
				CLANG_WARN_OBJC_ROOT_CLASS = YES_ERROR;
				CLANG_WARN_RANGE_LOOP_ANALYSIS = YES;
				CLANG_WARN_STRICT_PROTOTYPES = YES;
				CLANG_WARN_SUSPICIOUS_MOVE = YES;
				CLANG_WARN_UNGUARDED_AVAILABILITY = YES_AGGRESSIVE;
				CLANG_WARN_UNREACHABLE_CODE = YES;
				CLANG_WARN__DUPLICATE_METHOD_MATCH = YES;
				CODE_SIGN_IDENTITY = "iPhone Developer";
				COPY_PHASE_STRIP = NO;
				DEBUG_INFORMATION_FORMAT = dwarf;
				ENABLE_STRICT_OBJC_MSGSEND = YES;
				ENABLE_TESTABILITY = YES;
				GCC_C_LANGUAGE_STANDARD = gnu11;
				GCC_DYNAMIC_NO_PIC = NO;
				GCC_NO_COMMON_BLOCKS = YES;
				GCC_OPTIMIZATION_LEVEL = 0;
				GCC_PREPROCESSOR_DEFINITIONS = (
					"DEBUG=1",
					"$(inherited)",
				);
				GCC_WARN_64_TO_32_BIT_CONVERSION = YES;
				GCC_WARN_ABOUT_RETURN_TYPE = YES_ERROR;
				GCC_WARN_UNDECLARED_SELECTOR = YES;
				GCC_WARN_UNINITIALIZED_AUTOS = YES_AGGRESSIVE;
				GCC_WARN_UNUSED_FUNCTION = YES;
				GCC_WARN_UNUSED_VARIABLE = YES;
				IPHONEOS_DEPLOYMENT_TARGET = 12.4;
				MTL_ENABLE_DEBUG_INFO = INCLUDE_SOURCE;
				MTL_FAST_MATH = YES;
				ONLY_ACTIVE_ARCH = YES;
				SDKROOT = iphoneos;
				SWIFT_ACTIVE_COMPILATION_CONDITIONS = DEBUG;
				SWIFT_OPTIMIZATION_LEVEL = "-Onone";
			};
			name = Debug;
		};
		7DC575ED22FBD16400E49C40 /* Release */ = {
			isa = XCBuildConfiguration;
			buildSettings = {
				ALWAYS_SEARCH_USER_PATHS = NO;
				CLANG_ANALYZER_NONNULL = YES;
				CLANG_ANALYZER_NUMBER_OBJECT_CONVERSION = YES_AGGRESSIVE;
				CLANG_CXX_LANGUAGE_STANDARD = "gnu++14";
				CLANG_CXX_LIBRARY = "libc++";
				CLANG_ENABLE_MODULES = YES;
				CLANG_ENABLE_OBJC_ARC = YES;
				CLANG_ENABLE_OBJC_WEAK = YES;
				CLANG_WARN_BLOCK_CAPTURE_AUTORELEASING = YES;
				CLANG_WARN_BOOL_CONVERSION = YES;
				CLANG_WARN_COMMA = YES;
				CLANG_WARN_CONSTANT_CONVERSION = YES;
				CLANG_WARN_DEPRECATED_OBJC_IMPLEMENTATIONS = YES;
				CLANG_WARN_DIRECT_OBJC_ISA_USAGE = YES_ERROR;
				CLANG_WARN_DOCUMENTATION_COMMENTS = YES;
				CLANG_WARN_EMPTY_BODY = YES;
				CLANG_WARN_ENUM_CONVERSION = YES;
				CLANG_WARN_INFINITE_RECURSION = YES;
				CLANG_WARN_INT_CONVERSION = YES;
				CLANG_WARN_NON_LITERAL_NULL_CONVERSION = YES;
				CLANG_WARN_OBJC_IMPLICIT_RETAIN_SELF = YES;
				CLANG_WARN_OBJC_LITERAL_CONVERSION = YES;
				CLANG_WARN_OBJC_ROOT_CLASS = YES_ERROR;
				CLANG_WARN_RANGE_LOOP_ANALYSIS = YES;
				CLANG_WARN_STRICT_PROTOTYPES = YES;
				CLANG_WARN_SUSPICIOUS_MOVE = YES;
				CLANG_WARN_UNGUARDED_AVAILABILITY = YES_AGGRESSIVE;
				CLANG_WARN_UNREACHABLE_CODE = YES;
				CLANG_WARN__DUPLICATE_METHOD_MATCH = YES;
				CODE_SIGN_IDENTITY = "iPhone Developer";
				COPY_PHASE_STRIP = NO;
				DEBUG_INFORMATION_FORMAT = "dwarf-with-dsym";
				ENABLE_NS_ASSERTIONS = NO;
				ENABLE_STRICT_OBJC_MSGSEND = YES;
				GCC_C_LANGUAGE_STANDARD = gnu11;
				GCC_NO_COMMON_BLOCKS = YES;
				GCC_WARN_64_TO_32_BIT_CONVERSION = YES;
				GCC_WARN_ABOUT_RETURN_TYPE = YES_ERROR;
				GCC_WARN_UNDECLARED_SELECTOR = YES;
				GCC_WARN_UNINITIALIZED_AUTOS = YES_AGGRESSIVE;
				GCC_WARN_UNUSED_FUNCTION = YES;
				GCC_WARN_UNUSED_VARIABLE = YES;
				IPHONEOS_DEPLOYMENT_TARGET = 12.4;
				MTL_ENABLE_DEBUG_INFO = NO;
				MTL_FAST_MATH = YES;
				SDKROOT = iphoneos;
				SWIFT_COMPILATION_MODE = wholemodule;
				SWIFT_OPTIMIZATION_LEVEL = "-O";
				VALIDATE_PRODUCT = YES;
			};
			name = Release;
		};
		7DC575EF22FBD16400E49C40 /* Debug */ = {
			isa = XCBuildConfiguration;
			baseConfigurationReference = 0E33846B9BEA78C7041E43F0 /* Pods-SimpleChatApp.debug.xcconfig */;
			buildSettings = {
				ASSETCATALOG_COMPILER_APPICON_NAME = AppIcon;
				CODE_SIGN_STYLE = Automatic;
				DEVELOPMENT_TEAM = P7397529PZ;
				INFOPLIST_FILE = SimpleChatApp/Info.plist;
				LD_RUNPATH_SEARCH_PATHS = (
					"$(inherited)",
					"@executable_path/Frameworks",
				);
				PRODUCT_BUNDLE_IDENTIFIER = com.example.SimpleChatApp;
				PRODUCT_NAME = "$(TARGET_NAME)";
				SWIFT_VERSION = 5.0;
				TARGETED_DEVICE_FAMILY = "1,2";
			};
			name = Debug;
		};
		7DC575F022FBD16400E49C40 /* Release */ = {
			isa = XCBuildConfiguration;
			baseConfigurationReference = 5C5D1E018448678DB8BB1F15 /* Pods-SimpleChatApp.release.xcconfig */;
			buildSettings = {
				ASSETCATALOG_COMPILER_APPICON_NAME = AppIcon;
				CODE_SIGN_STYLE = Automatic;
				DEVELOPMENT_TEAM = P7397529PZ;
				INFOPLIST_FILE = SimpleChatApp/Info.plist;
				LD_RUNPATH_SEARCH_PATHS = (
					"$(inherited)",
					"@executable_path/Frameworks",
				);
				PRODUCT_BUNDLE_IDENTIFIER = com.example.SimpleChatApp;
				PRODUCT_NAME = "$(TARGET_NAME)";
				SWIFT_VERSION = 5.0;
				TARGETED_DEVICE_FAMILY = "1,2";
			};
			name = Release;
		};
/* End XCBuildConfiguration section */

/* Begin XCConfigurationList section */
		7DC575D722FBD16400E49C40 /* Build configuration list for PBXProject "SimpleChatApp" */ = {
			isa = XCConfigurationList;
			buildConfigurations = (
				7DC575EC22FBD16400E49C40 /* Debug */,
				7DC575ED22FBD16400E49C40 /* Release */,
			);
			defaultConfigurationIsVisible = 0;
			defaultConfigurationName = Release;
		};
		7DC575EE22FBD16400E49C40 /* Build configuration list for PBXNativeTarget "SimpleChatApp" */ = {
			isa = XCConfigurationList;
			buildConfigurations = (
				7DC575EF22FBD16400E49C40 /* Debug */,
				7DC575F022FBD16400E49C40 /* Release */,
			);
			defaultConfigurationIsVisible = 0;
			defaultConfigurationName = Release;
		};
/* End XCConfigurationList section */
	};
	rootObject = 7DC575D422FBD16400E49C40 /* Project object */;
}
